// !$*UTF8*$!
{
	archiveVersion = 1;
	classes = {
	};
	objectVersion = 50;
	objects = {

/* Begin PBXBuildFile section */
		9D06656F23531A8A00404511 /* AppDelegate.swift in Sources */ = {isa = PBXBuildFile; fileRef = 9D06656E23531A8A00404511 /* AppDelegate.swift */; };
		9D06657123531A8A00404511 /* ViewController.swift in Sources */ = {isa = PBXBuildFile; fileRef = 9D06657023531A8A00404511 /* ViewController.swift */; };
		9D06657423531A8A00404511 /* Main.storyboard in Resources */ = {isa = PBXBuildFile; fileRef = 9D06657223531A8A00404511 /* Main.storyboard */; };
		9D06657723531A8A00404511 /* Color_Mixer.xcdatamodeld in Sources */ = {isa = PBXBuildFile; fileRef = 9D06657523531A8A00404511 /* Color_Mixer.xcdatamodeld */; };
		9D06657923531A9D00404511 /* Assets.xcassets in Resources */ = {isa = PBXBuildFile; fileRef = 9D06657823531A9D00404511 /* Assets.xcassets */; };
		9D06657C23531A9D00404511 /* LaunchScreen.storyboard in Resources */ = {isa = PBXBuildFile; fileRef = 9D06657A23531A9D00404511 /* LaunchScreen.storyboard */; };
		9D066584235447AC00404511 /* ILable.swift in Sources */ = {isa = PBXBuildFile; fileRef = 9D066583235447AC00404511 /* ILable.swift */; };
/* End PBXBuildFile section */

/* Begin PBXFileReference section */
		9D06656B23531A8A00404511 /* Color Mixer.app */ = {isa = PBXFileReference; explicitFileType = wrapper.application; includeInIndex = 0; path = "Color Mixer.app"; sourceTree = BUILT_PRODUCTS_DIR; };
		9D06656E23531A8A00404511 /* AppDelegate.swift */ = {isa = PBXFileReference; lastKnownFileType = sourcecode.swift; path = AppDelegate.swift; sourceTree = "<group>"; };
		9D06657023531A8A00404511 /* ViewController.swift */ = {isa = PBXFileReference; lastKnownFileType = sourcecode.swift; path = ViewController.swift; sourceTree = "<group>"; };
		9D06657323531A8A00404511 /* Base */ = {isa = PBXFileReference; lastKnownFileType = file.storyboard; name = Base; path = Base.lproj/Main.storyboard; sourceTree = "<group>"; };
		9D06657623531A8A00404511 /* Color_Mixer.xcdatamodel */ = {isa = PBXFileReference; lastKnownFileType = wrapper.xcdatamodel; path = Color_Mixer.xcdatamodel; sourceTree = "<group>"; };
		9D06657823531A9D00404511 /* Assets.xcassets */ = {isa = PBXFileReference; lastKnownFileType = folder.assetcatalog; path = Assets.xcassets; sourceTree = "<group>"; };
		9D06657B23531A9D00404511 /* Base */ = {isa = PBXFileReference; lastKnownFileType = file.storyboard; name = Base; path = Base.lproj/LaunchScreen.storyboard; sourceTree = "<group>"; };
		9D06657D23531A9D00404511 /* Info.plist */ = {isa = PBXFileReference; lastKnownFileType = text.plist.xml; path = Info.plist; sourceTree = "<group>"; };
		9D066583235447AC00404511 /* ILable.swift */ = {isa = PBXFileReference; lastKnownFileType = sourcecode.swift; path = ILable.swift; sourceTree = "<group>"; };
/* End PBXFileReference section */

/* Begin PBXFrameworksBuildPhase section */
		9D06656823531A8A00404511 /* Frameworks */ = {
			isa = PBXFrameworksBuildPhase;
			buildActionMask = 2147483647;
			files = (
			);
			runOnlyForDeploymentPostprocessing = 0;
		};
/* End PBXFrameworksBuildPhase section */

/* Begin PBXGroup section */
		9D06656223531A8A00404511 = {
			isa = PBXGroup;
			children = (
				9D06656D23531A8A00404511 /* Color Mixer */,
				9D06656C23531A8A00404511 /* Products */,
			);
			sourceTree = "<group>";
		};
		9D06656C23531A8A00404511 /* Products */ = {
			isa = PBXGroup;
			children = (
				9D06656B23531A8A00404511 /* Color Mixer.app */,
			);
			name = Products;
			sourceTree = "<group>";
		};
		9D06656D23531A8A00404511 /* Color Mixer */ = {
			isa = PBXGroup;
			children = (
				9D06656E23531A8A00404511 /* AppDelegate.swift */,
				9D06657023531A8A00404511 /* ViewController.swift */,
				9D06657223531A8A00404511 /* Main.storyboard */,
				9D06657823531A9D00404511 /* Assets.xcassets */,
				9D06657A23531A9D00404511 /* LaunchScreen.storyboard */,
				9D06657D23531A9D00404511 /* Info.plist */,
				9D06657523531A8A00404511 /* Color_Mixer.xcdatamodeld */,
				9D066583235447AC00404511 /* ILable.swift */,
			);
			path = "Color Mixer";
			sourceTree = "<group>";
		};
/* End PBXGroup section */

/* Begin PBXNativeTarget section */
		9D06656A23531A8A00404511 /* Color Mixer */ = {
			isa = PBXNativeTarget;
			buildConfigurationList = 9D06658023531A9E00404511 /* Build configuration list for PBXNativeTarget "Color Mixer" */;
			buildPhases = (
				9D06656723531A8A00404511 /* Sources */,
				9D06656823531A8A00404511 /* Frameworks */,
				9D06656923531A8A00404511 /* Resources */,
			);
			buildRules = (
			);
			dependencies = (
			);
			name = "Color Mixer";
			productName = "Color Mixer";
			productReference = 9D06656B23531A8A00404511 /* Color Mixer.app */;
			productType = "com.apple.product-type.application";
		};
/* End PBXNativeTarget section */

/* Begin PBXProject section */
		9D06656323531A8A00404511 /* Project object */ = {
			isa = PBXProject;
			attributes = {
				LastSwiftUpdateCheck = 1010;
				LastUpgradeCheck = 1010;
				ORGANIZATIONNAME = Shemy;
				TargetAttributes = {
					9D06656A23531A8A00404511 = {
						CreatedOnToolsVersion = 10.1;
					};
				};
			};
			buildConfigurationList = 9D06656623531A8A00404511 /* Build configuration list for PBXProject "Color Mixer" */;
			compatibilityVersion = "Xcode 9.3";
			developmentRegion = en;
			hasScannedForEncodings = 0;
			knownRegions = (
				en,
				Base,
			);
			mainGroup = 9D06656223531A8A00404511;
			productRefGroup = 9D06656C23531A8A00404511 /* Products */;
			projectDirPath = "";
			projectRoot = "";
			targets = (
				9D06656A23531A8A00404511 /* Color Mixer */,
			);
		};
/* End PBXProject section */

/* Begin PBXResourcesBuildPhase section */
		9D06656923531A8A00404511 /* Resources */ = {
			isa = PBXResourcesBuildPhase;
			buildActionMask = 2147483647;
			files = (
				9D06657C23531A9D00404511 /* LaunchScreen.storyboard in Resources */,
				9D06657923531A9D00404511 /* Assets.xcassets in Resources */,
				9D06657423531A8A00404511 /* Main.storyboard in Resources */,
			);
			runOnlyForDeploymentPostprocessing = 0;
		};
/* End PBXResourcesBuildPhase section */

/* Begin PBXSourcesBuildPhase section */
		9D06656723531A8A00404511 /* Sources */ = {
			isa = PBXSourcesBuildPhase;
			buildActionMask = 2147483647;
			files = (
				9D066584235447AC00404511 /* ILable.swift in Sources */,
				9D06657123531A8A00404511 /* ViewController.swift in Sources */,
				9D06657723531A8A00404511 /* Color_Mixer.xcdatamodeld in Sources */,
				9D06656F23531A8A00404511 /* AppDelegate.swift in Sources */,
			);
			runOnlyForDeploymentPostprocessing = 0;
		};
/* End PBXSourcesBuildPhase section */

/* Begin PBXVariantGroup section */
		9D06657223531A8A00404511 /* Main.storyboard */ = {
			isa = PBXVariantGroup;
			children = (
				9D06657323531A8A00404511 /* Base */,
			);
			name = Main.storyboard;
			sourceTree = "<group>";
		};
		9D06657A23531A9D00404511 /* LaunchScreen.storyboard */ = {
			isa = PBXVariantGroup;
			children = (
				9D06657B23531A9D00404511 /* Base */,
			);
			name = LaunchScreen.storyboard;
			sourceTree = "<group>";
		};
/* End PBXVariantGroup section */

/* Begin XCBuildConfiguration section */
		9D06657E23531A9E00404511 /* Debug */ = {
			isa = XCBuildConfiguration;
			buildSettings = {
				ALWAYS_SEARCH_USER_PATHS = NO;
				CLANG_ANALYZER_NONNULL = YES;
				CLANG_ANALYZER_NUMBER_OBJECT_CONVERSION = YES_AGGRESSIVE;
				CLANG_CXX_LANGUAGE_STANDARD = "gnu++14";
				CLANG_CXX_LIBRARY = "libc++";
				CLANG_ENABLE_MODULES = YES;
				CLANG_ENABLE_OBJC_ARC = YES;
				CLANG_ENABLE_OBJC_WEAK = YES;
				CLANG_WARN_BLOCK_CAPTURE_AUTORELEASING = YES;
				CLANG_WARN_BOOL_CONVERSION = YES;
				CLANG_WARN_COMMA = YES;
				CLANG_WARN_CONSTANT_CONVERSION = YES;
				CLANG_WARN_DEPRECATED_OBJC_IMPLEMENTATIONS = YES;
				CLANG_WARN_DIRECT_OBJC_ISA_USAGE = YES_ERROR;
				CLANG_WARN_DOCUMENTATION_COMMENTS = YES;
				CLANG_WARN_EMPTY_BODY = YES;
				CLANG_WARN_ENUM_CONVERSION = YES;
				CLANG_WARN_INFINITE_RECURSION = YES;
				CLANG_WARN_INT_CONVERSION = YES;
				CLANG_WARN_NON_LITERAL_NULL_CONVERSION = YES;
				CLANG_WARN_OBJC_IMPLICIT_RETAIN_SELF = YES;
				CLANG_WARN_OBJC_LITERAL_CONVERSION = YES;
				CLANG_WARN_OBJC_ROOT_CLASS = YES_ERROR;
				CLANG_WARN_RANGE_LOOP_ANALYSIS = YES;
				CLANG_WARN_STRICT_PROTOTYPES = YES;
				CLANG_WARN_SUSPICIOUS_MOVE = YES;
				CLANG_WARN_UNGUARDED_AVAILABILITY = YES_AGGRESSIVE;
				CLANG_WARN_UNREACHABLE_CODE = YES;
				CLANG_WARN__DUPLICATE_METHOD_MATCH = YES;
				CODE_SIGN_IDENTITY = "iPhone Developer";
				COPY_PHASE_STRIP = NO;
				DEBUG_INFORMATION_FORMAT = dwarf;
				ENABLE_STRICT_OBJC_MSGSEND = YES;
				ENABLE_TESTABILITY = YES;
				GCC_C_LANGUAGE_STANDARD = gnu11;
				GCC_DYNAMIC_NO_PIC = NO;
				GCC_NO_COMMON_BLOCKS = YES;
				GCC_OPTIMIZATION_LEVEL = 0;
				GCC_PREPROCESSOR_DEFINITIONS = (
					"DEBUG=1",
					"$(inherited)",
				);
				GCC_WARN_64_TO_32_BIT_CONVERSION = YES;
				GCC_WARN_ABOUT_RETURN_TYPE = YES_ERROR;
				GCC_WARN_UNDECLARED_SELECTOR = YES;
				GCC_WARN_UNINITIALIZED_AUTOS = YES_AGGRESSIVE;
				GCC_WARN_UNUSED_FUNCTION = YES;
				GCC_WARN_UNUSED_VARIABLE = YES;
				IPHONEOS_DEPLOYMENT_TARGET = 12.1;
				MTL_ENABLE_DEBUG_INFO = INCLUDE_SOURCE;
				MTL_FAST_MATH = YES;
				ONLY_ACTIVE_ARCH = YES;
				SDKROOT = iphoneos;
				SWIFT_ACTIVE_COMPILATION_CONDITIONS = DEBUG;
				SWIFT_OPTIMIZATION_LEVEL = "-Onone";
			};
			name = Debug;
		};
		9D06657F23531A9E00404511 /* Release */ = {
			isa = XCBuildConfiguration;
			buildSettings = {
				ALWAYS_SEARCH_USER_PATHS = NO;
				CLANG_ANALYZER_NONNULL = YES;
				CLANG_ANALYZER_NUMBER_OBJECT_CONVERSION = YES_AGGRESSIVE;
				CLANG_CXX_LANGUAGE_STANDARD = "gnu++14";
				CLANG_CXX_LIBRARY = "libc++";
				CLANG_ENABLE_MODULES = YES;
				CLANG_ENABLE_OBJC_ARC = YES;
				CLANG_ENABLE_OBJC_WEAK = YES;
				CLANG_WARN_BLOCK_CAPTURE_AUTORELEASING = YES;
				CLANG_WARN_BOOL_CONVERSION = YES;
				CLANG_WARN_COMMA = YES;
				CLANG_WARN_CONSTANT_CONVERSION = YES;
				CLANG_WARN_DEPRECATED_OBJC_IMPLEMENTATIONS = YES;
				CLANG_WARN_DIRECT_OBJC_ISA_USAGE = YES_ERROR;
				CLANG_WARN_DOCUMENTATION_COMMENTS = YES;
				CLANG_WARN_EMPTY_BODY = YES;
				CLANG_WARN_ENUM_CONVERSION = YES;
				CLANG_WARN_INFINITE_RECURSION = YES;
				CLANG_WARN_INT_CONVERSION = YES;
				CLANG_WARN_NON_LITERAL_NULL_CONVERSION = YES;
				CLANG_WARN_OBJC_IMPLICIT_RETAIN_SELF = YES;
				CLANG_WARN_OBJC_LITERAL_CONVERSION = YES;
				CLANG_WARN_OBJC_ROOT_CLASS = YES_ERROR;
				CLANG_WARN_RANGE_LOOP_ANALYSIS = YES;
				CLANG_WARN_STRICT_PROTOTYPES = YES;
				CLANG_WARN_SUSPICIOUS_MOVE = YES;
				CLANG_WARN_UNGUARDED_AVAILABILITY = YES_AGGRESSIVE;
				CLANG_WARN_UNREACHABLE_CODE = YES;
				CLANG_WARN__DUPLICATE_METHOD_MATCH = YES;
				CODE_SIGN_IDENTITY = "iPhone Developer";
				COPY_PHASE_STRIP = NO;
				DEBUG_INFORMATION_FORMAT = "dwarf-with-dsym";
				ENABLE_NS_ASSERTIONS = NO;
				ENABLE_STRICT_OBJC_MSGSEND = YES;
				GCC_C_LANGUAGE_STANDARD = gnu11;
				GCC_NO_COMMON_BLOCKS = YES;
				GCC_WARN_64_TO_32_BIT_CONVERSION = YES;
				GCC_WARN_ABOUT_RETURN_TYPE = YES_ERROR;
				GCC_WARN_UNDECLARED_SELECTOR = YES;
				GCC_WARN_UNINITIALIZED_AUTOS = YES_AGGRESSIVE;
				GCC_WARN_UNUSED_FUNCTION = YES;
				GCC_WARN_UNUSED_VARIABLE = YES;
				IPHONEOS_DEPLOYMENT_TARGET = 12.1;
				MTL_ENABLE_DEBUG_INFO = NO;
				MTL_FAST_MATH = YES;
				SDKROOT = iphoneos;
				SWIFT_COMPILATION_MODE = wholemodule;
				SWIFT_OPTIMIZATION_LEVEL = "-O";
				VALIDATE_PRODUCT = YES;
			};
			name = Release;
		};
		9D06658123531A9E00404511 /* Debug */ = {
			isa = XCBuildConfiguration;
			buildSettings = {
				ASSETCATALOG_COMPILER_APPICON_NAME = AppIcon;
				CODE_SIGN_STYLE = Automatic;
				INFOPLIST_FILE = "Color Mixer/Info.plist";
				LD_RUNPATH_SEARCH_PATHS = (
					"$(inherited)",
					"@executable_path/Frameworks",
				);
				PRODUCT_BUNDLE_IDENTIFIER = "shemy.Color-Mixer";
				PRODUCT_NAME = "$(TARGET_NAME)";
				SWIFT_VERSION = 4.2;
				TARGETED_DEVICE_FAMILY = "1,2";
			};
			name = Debug;
		};
		9D06658223531A9E00404511 /* Release */ = {
			isa = XCBuildConfiguration;
			buildSettings = {
				ASSETCATALOG_COMPILER_APPICON_NAME = AppIcon;
				CODE_SIGN_STYLE = Automatic;
				INFOPLIST_FILE = "Color Mixer/Info.plist";
				LD_RUNPATH_SEARCH_PATHS = (
					"$(inherited)",
					"@executable_path/Frameworks",
				);
				PRODUCT_BUNDLE_IDENTIFIER = "shemy.Color-Mixer";
				PRODUCT_NAME = "$(TARGET_NAME)";
				SWIFT_VERSION = 4.2;
				TARGETED_DEVICE_FAMILY = "1,2";
			};
			name = Release;
		};
/* End XCBuildConfiguration section */

/* Begin XCConfigurationList section */
		9D06656623531A8A00404511 /* Build configuration list for PBXProject "Color Mixer" */ = {
			isa = XCConfigurationList;
			buildConfigurations = (
				9D06657E23531A9E00404511 /* Debug */,
				9D06657F23531A9E00404511 /* Release */,
			);
			defaultConfigurationIsVisible = 0;
			defaultConfigurationName = Release;
		};
		9D06658023531A9E00404511 /* Build configuration list for PBXNativeTarget "Color Mixer" */ = {
			isa = XCConfigurationList;
			buildConfigurations = (
				9D06658123531A9E00404511 /* Debug */,
				9D06658223531A9E00404511 /* Release */,
			);
			defaultConfigurationIsVisible = 0;
			defaultConfigurationName = Release;
		};
/* End XCConfigurationList section */

/* Begin XCVersionGroup section */
		9D06657523531A8A00404511 /* Color_Mixer.xcdatamodeld */ = {
			isa = XCVersionGroup;
			children = (
				9D06657623531A8A00404511 /* Color_Mixer.xcdatamodel */,
			);
			currentVersion = 9D06657623531A8A00404511 /* Color_Mixer.xcdatamodel */;
			path = Color_Mixer.xcdatamodeld;
			sourceTree = "<group>";
			versionGroupType = wrapper.xcdatamodel;
		};
/* End XCVersionGroup section */
	};
	rootObject = 9D06656323531A8A00404511 /* Project object */;
}
